{
  "nodes": {
    "nixpkgs": {
      "locked": {
        "lastModified": 1655807518,
        "narHash": "sha256-5YV29Ry/DpAJc/0Hc/+ISVBAjwHpJvAkeKkcUG5lWsc=",
        "owner": "NixOS",
        "repo": "nixpkgs",
        "rev": "a72d7811be1162dd6804c4e36e5402d76fb6e921",
        "type": "github"
      },
      "original": {
        "id": "nixpkgs",
        "ref": "nixos-unstable",
        "type": "indirect"
      }
    },
    "root": {
      "inputs": {
        "nixpkgs": "nixpkgs"
      }
    }
  },
  "root": "root",
  "version": 7
}
